
Microsoft Visual Studio Solution File, Format Version 12.00
# Visual Studio Version 17
VisualStudioVersion = 17.0.31919.166
MinimumVisualStudioVersion = 10.0.40219.1
Project("{FAE04EC0-301F-11D3-BF4B-00C04F79EFBC}") = "Client.API", "Client.API.csproj", "{816091E8-6354-4EED-A6AB-98C276EC1EFB}"
EndProject
Global
	GlobalSection(SolutionConfigurationPlatforms) = preSolution
		Debug|Any CPU = Debug|Any CPU
		Release|Any CPU = Release|Any CPU
	EndGlobalSection
	GlobalSection(ProjectConfigurationPlatforms) = postSolution
		{816091E8-6354-4EED-A6AB-98C276EC1EFB}.Debug|Any CPU.ActiveCfg = Debug|Any CPU
		{816091E8-6354-4EED-A6AB-98C276EC1EFB}.Debug|Any CPU.Build.0 = Debug|Any CPU
		{816091E8-6354-4EED-A6AB-98C276EC1EFB}.Release|Any CPU.ActiveCfg = Release|Any CPU
		{816091E8-6354-4EED-A6AB-98C276EC1EFB}.Release|Any CPU.Build.0 = Release|Any CPU
	EndGlobalSection
	GlobalSection(SolutionProperties) = preSolution
		HideSolutionNode = FALSE
	EndGlobalSection
	GlobalSection(ExtensibilityGlobals) = postSolution
		SolutionGuid = {0058C85B-028E-408D-AE8C-6CE42A82AEA4}
	EndGlobalSection
EndGlobal
